
Microsoft Visual Studio Solution File, Format Version 12.00
# Visual Studio Version 17
VisualStudioVersion = 17.0.31903.59
MinimumVisualStudioVersion = 10.0.40219.1
Project("{FAE04EC0-301F-11D3-BF4B-00C04F79EFBC}") = "CleanStore.Api", "CleanStore.Api\CleanStore.Api.csproj", "{ABA6350B-1F13-46F1-859B-1F0850F8CF29}"
EndProject
Project("{FAE04EC0-301F-11D3-BF4B-00C04F79EFBC}") = "CleanStore.Application", "CleanStore.Application\CleanStore.Application.csproj", "{EBC2331D-007A-46B9-B0CA-08A7DE9E050D}"
EndProject
Project("{FAE04EC0-301F-11D3-BF4B-00C04F79EFBC}") = "CleanStore.Domain", "CleanStore.Domain\CleanStore.Domain.csproj", "{65329BE9-B02D-4402-9957-C84D92072AC0}"
EndProject
Project("{FAE04EC0-301F-11D3-BF4B-00C04F79EFBC}") = "CleanStore.Infrastructure", "CleanStore.Infrastructure\CleanStore.Infrastructure.csproj", "{AADA0528-214E-49DA-9F89-444C65F0768B}"
EndProject
Project("{FAE04EC0-301F-11D3-BF4B-00C04F79EFBC}") = "CleanStore.Pwa", "CleanStore.Pwa\CleanStore.Pwa.csproj", "{9006C70A-66C8-4FDD-86C6-B3ABCA0FE911}"
EndProject
Global
	GlobalSection(SolutionConfigurationPlatforms) = preSolution
		Debug|Any CPU = Debug|Any CPU
		Release|Any CPU = Release|Any CPU
	EndGlobalSection
	GlobalSection(SolutionProperties) = preSolution
		HideSolutionNode = FALSE
	EndGlobalSection
	GlobalSection(ProjectConfigurationPlatforms) = postSolution
		{ABA6350B-1F13-46F1-859B-1F0850F8CF29}.Debug|Any CPU.ActiveCfg = Debug|Any CPU
		{ABA6350B-1F13-46F1-859B-1F0850F8CF29}.Debug|Any CPU.Build.0 = Debug|Any CPU
		{ABA6350B-1F13-46F1-859B-1F0850F8CF29}.Release|Any CPU.ActiveCfg = Release|Any CPU
		{ABA6350B-1F13-46F1-859B-1F0850F8CF29}.Release|Any CPU.Build.0 = Release|Any CPU
		{EBC2331D-007A-46B9-B0CA-08A7DE9E050D}.Debug|Any CPU.ActiveCfg = Debug|Any CPU
		{EBC2331D-007A-46B9-B0CA-08A7DE9E050D}.Debug|Any CPU.Build.0 = Debug|Any CPU
		{EBC2331D-007A-46B9-B0CA-08A7DE9E050D}.Release|Any CPU.ActiveCfg = Release|Any CPU
		{EBC2331D-007A-46B9-B0CA-08A7DE9E050D}.Release|Any CPU.Build.0 = Release|Any CPU
		{65329BE9-B02D-4402-9957-C84D92072AC0}.Debug|Any CPU.ActiveCfg = Debug|Any CPU
		{65329BE9-B02D-4402-9957-C84D92072AC0}.Debug|Any CPU.Build.0 = Debug|Any CPU
		{65329BE9-B02D-4402-9957-C84D92072AC0}.Release|Any CPU.ActiveCfg = Release|Any CPU
		{65329BE9-B02D-4402-9957-C84D92072AC0}.Release|Any CPU.Build.0 = Release|Any CPU
		{AADA0528-214E-49DA-9F89-444C65F0768B}.Debug|Any CPU.ActiveCfg = Debug|Any CPU
		{AADA0528-214E-49DA-9F89-444C65F0768B}.Debug|Any CPU.Build.0 = Debug|Any CPU
		{AADA0528-214E-49DA-9F89-444C65F0768B}.Release|Any CPU.ActiveCfg = Release|Any CPU
		{AADA0528-214E-49DA-9F89-444C65F0768B}.Release|Any CPU.Build.0 = Release|Any CPU
		{9006C70A-66C8-4FDD-86C6-B3ABCA0FE911}.Debug|Any CPU.ActiveCfg = Debug|Any CPU
		{9006C70A-66C8-4FDD-86C6-B3ABCA0FE911}.Debug|Any CPU.Build.0 = Debug|Any CPU
		{9006C70A-66C8-4FDD-86C6-B3ABCA0FE911}.Release|Any CPU.ActiveCfg = Release|Any CPU
		{9006C70A-66C8-4FDD-86C6-B3ABCA0FE911}.Release|Any CPU.Build.0 = Release|Any CPU
	EndGlobalSection
EndGlobal
